
Microsoft Visual Studio Solution File, Format Version 12.00
# Visual Studio 14
VisualStudioVersion = 14.0.24720.0
MinimumVisualStudioVersion = 10.0.40219.1
Project("{2150E333-8FDC-42A3-9474-1A3956D46DE8}") = "Data", "Data", "{17D67287-EBF8-44C2-8F32-114DABBBFA3B}"
EndProject
Project("{2150E333-8FDC-42A3-9474-1A3956D46DE8}") = "Logic", "Logic", "{25D1A80B-B1D5-40F4-9B93-2938ED50ED2D}"
EndProject
Project("{2150E333-8FDC-42A3-9474-1A3956D46DE8}") = "Web", "Web", "{A432CFCC-9491-4195-8D57-FA02F1B1FF0C}"
EndProject
Project("{FAE04EC0-301F-11D3-BF4B-00C04F79EFBC}") = "ForumSystem.Common", "ForumSystem.Common\ForumSystem.Common.csproj", "{E448382A-5870-4148-88DD-C5CB0AA3719B}"
EndProject
Project("{FAE04EC0-301F-11D3-BF4B-00C04F79EFBC}") = "ForumSystem.Data.Models", "Data\ForumSystem.Data.Models\ForumSystem.Data.Models.csproj", "{9D2E8234-7FA9-4594-AAAE-3A9CBBB815DD}"
EndProject
Project("{FAE04EC0-301F-11D3-BF4B-00C04F79EFBC}") = "ForumSystem.Data", "Data\ForumSystem.Data\ForumSystem.Data.csproj", "{005D3BBA-3193-4E75-ADEB-6C3845BC8FBC}"
EndProject
Project("{FAE04EC0-301F-11D3-BF4B-00C04F79EFBC}") = "ForumSystem.Web", "Web\ForumSystem.Web\ForumSystem.Web.csproj", "{EAD0253E-F1D7-475F-B055-152D14CE8EAE}"
EndProject
Global
	GlobalSection(SolutionConfigurationPlatforms) = preSolution
		Debug|Any CPU = Debug|Any CPU
		Release|Any CPU = Release|Any CPU
	EndGlobalSection
	GlobalSection(ProjectConfigurationPlatforms) = postSolution
		{E448382A-5870-4148-88DD-C5CB0AA3719B}.Debug|Any CPU.ActiveCfg = Debug|Any CPU
		{E448382A-5870-4148-88DD-C5CB0AA3719B}.Debug|Any CPU.Build.0 = Debug|Any CPU
		{E448382A-5870-4148-88DD-C5CB0AA3719B}.Release|Any CPU.ActiveCfg = Release|Any CPU
		{E448382A-5870-4148-88DD-C5CB0AA3719B}.Release|Any CPU.Build.0 = Release|Any CPU
		{9D2E8234-7FA9-4594-AAAE-3A9CBBB815DD}.Debug|Any CPU.ActiveCfg = Debug|Any CPU
		{9D2E8234-7FA9-4594-AAAE-3A9CBBB815DD}.Debug|Any CPU.Build.0 = Debug|Any CPU
		{9D2E8234-7FA9-4594-AAAE-3A9CBBB815DD}.Release|Any CPU.ActiveCfg = Release|Any CPU
		{9D2E8234-7FA9-4594-AAAE-3A9CBBB815DD}.Release|Any CPU.Build.0 = Release|Any CPU
		{005D3BBA-3193-4E75-ADEB-6C3845BC8FBC}.Debug|Any CPU.ActiveCfg = Debug|Any CPU
		{005D3BBA-3193-4E75-ADEB-6C3845BC8FBC}.Debug|Any CPU.Build.0 = Debug|Any CPU
		{005D3BBA-3193-4E75-ADEB-6C3845BC8FBC}.Release|Any CPU.ActiveCfg = Release|Any CPU
		{005D3BBA-3193-4E75-ADEB-6C3845BC8FBC}.Release|Any CPU.Build.0 = Release|Any CPU
		{EAD0253E-F1D7-475F-B055-152D14CE8EAE}.Debug|Any CPU.ActiveCfg = Debug|Any CPU
		{EAD0253E-F1D7-475F-B055-152D14CE8EAE}.Debug|Any CPU.Build.0 = Debug|Any CPU
		{EAD0253E-F1D7-475F-B055-152D14CE8EAE}.Release|Any CPU.ActiveCfg = Release|Any CPU
		{EAD0253E-F1D7-475F-B055-152D14CE8EAE}.Release|Any CPU.Build.0 = Release|Any CPU
	EndGlobalSection
	GlobalSection(SolutionProperties) = preSolution
		HideSolutionNode = FALSE
	EndGlobalSection
	GlobalSection(NestedProjects) = preSolution
		{9D2E8234-7FA9-4594-AAAE-3A9CBBB815DD} = {17D67287-EBF8-44C2-8F32-114DABBBFA3B}
		{005D3BBA-3193-4E75-ADEB-6C3845BC8FBC} = {17D67287-EBF8-44C2-8F32-114DABBBFA3B}
		{EAD0253E-F1D7-475F-B055-152D14CE8EAE} = {A432CFCC-9491-4195-8D57-FA02F1B1FF0C}
	EndGlobalSection
EndGlobal
